// !$*UTF8*$!
{
	archiveVersion = 1;
	classes = {
	};
	objectVersion = 46;
	objects = {

/* Begin PBXBuildFile section */
		8A0A6AE71C8836EC00EC18E8 /* main.m in Sources */ = {isa = PBXBuildFile; fileRef = 8A0A6AE61C8836EC00EC18E8 /* main.m */; };
		8A0A6AF21C8836EC00EC18E8 /* Assets.xcassets in Resources */ = {isa = PBXBuildFile; fileRef = 8A0A6AF11C8836EC00EC18E8 /* Assets.xcassets */; };
		8A49F9F81C92A63600DD53FB /* BSNavigationController.m in Sources */ = {isa = PBXBuildFile; fileRef = 8A49F9F71C92A63600DD53FB /* BSNavigationController.m */; settings = {ASSET_TAGS = (); }; };
		8A49F9FB1C92A89700DD53FB /* UIBarButtonItem+BSExtension.m in Sources */ = {isa = PBXBuildFile; fileRef = 8A49F9FA1C92A89700DD53FB /* UIBarButtonItem+BSExtension.m */; settings = {ASSET_TAGS = (); }; };
		8A49FA141C92AC4400DD53FB /* BSEssenceViewController.m in Sources */ = {isa = PBXBuildFile; fileRef = 8A49F9FF1C92AC4400DD53FB /* BSEssenceViewController.m */; settings = {ASSET_TAGS = (); }; };
		8A49FA151C92AC4400DD53FB /* BSFriendTrendsViewController.m in Sources */ = {isa = PBXBuildFile; fileRef = 8A49FA051C92AC4400DD53FB /* BSFriendTrendsViewController.m */; settings = {ASSET_TAGS = (); }; };
		8A49FA161C92AC4400DD53FB /* BSMeViewController.m in Sources */ = {isa = PBXBuildFile; fileRef = 8A49FA0B1C92AC4400DD53FB /* BSMeViewController.m */; settings = {ASSET_TAGS = (); }; };
		8A49FA171C92AC4400DD53FB /* BSNewViewController.m in Sources */ = {isa = PBXBuildFile; fileRef = 8A49FA111C92AC4400DD53FB /* BSNewViewController.m */; settings = {ASSET_TAGS = (); }; };
		8A6878A11C96624E00C716C7 /* BSFriendTrendsViewController.xib in Resources */ = {isa = PBXBuildFile; fileRef = 8A6878A01C96624E00C716C7 /* BSFriendTrendsViewController.xib */; settings = {ASSET_TAGS = (); }; };
		8A8E26981C91798C0090C2F7 /* AppDelegate.m in Sources */ = {isa = PBXBuildFile; fileRef = 8A8E26971C91798C0090C2F7 /* AppDelegate.m */; settings = {ASSET_TAGS = (); }; };
		8A8E269B1C9179B40090C2F7 /* UIView+BSExtension.m in Sources */ = {isa = PBXBuildFile; fileRef = 8A8E269A1C9179B40090C2F7 /* UIView+BSExtension.m */; settings = {ASSET_TAGS = (); }; };
		8A9F69561C911176008C3A55 /* BSTabBarController.m in Sources */ = {isa = PBXBuildFile; fileRef = 8A9F69551C911176008C3A55 /* BSTabBarController.m */; settings = {ASSET_TAGS = (); }; };
		8AB1E0861C91450100F3C65E /* BSTabBar.m in Sources */ = {isa = PBXBuildFile; fileRef = 8AB1E0851C91450100F3C65E /* BSTabBar.m */; settings = {ASSET_TAGS = (); }; };
/* End PBXBuildFile section */

/* Begin PBXFileReference section */
		8A0A6AE21C8836EC00EC18E8 /* BSBDJie.app */ = {isa = PBXFileReference; explicitFileType = wrapper.application; includeInIndex = 0; path = BSBDJie.app; sourceTree = BUILT_PRODUCTS_DIR; };
		8A0A6AE61C8836EC00EC18E8 /* main.m */ = {isa = PBXFileReference; lastKnownFileType = sourcecode.c.objc; path = main.m; sourceTree = "<group>"; };
		8A0A6AF11C8836EC00EC18E8 /* Assets.xcassets */ = {isa = PBXFileReference; lastKnownFileType = folder.assetcatalog; path = Assets.xcassets; sourceTree = "<group>"; };
		8A0A6AF61C8836EC00EC18E8 /* Info.plist */ = {isa = PBXFileReference; lastKnownFileType = text.plist.xml; path = Info.plist; sourceTree = "<group>"; };
		8A49F9F61C92A63600DD53FB /* BSNavigationController.h */ = {isa = PBXFileReference; fileEncoding = 4; lastKnownFileType = sourcecode.c.h; path = BSNavigationController.h; sourceTree = "<group>"; };
		8A49F9F71C92A63600DD53FB /* BSNavigationController.m */ = {isa = PBXFileReference; fileEncoding = 4; lastKnownFileType = sourcecode.c.objc; path = BSNavigationController.m; sourceTree = "<group>"; };
		8A49F9F91C92A89700DD53FB /* UIBarButtonItem+BSExtension.h */ = {isa = PBXFileReference; fileEncoding = 4; lastKnownFileType = sourcecode.c.h; path = "UIBarButtonItem+BSExtension.h"; sourceTree = "<group>"; };
		8A49F9FA1C92A89700DD53FB /* UIBarButtonItem+BSExtension.m */ = {isa = PBXFileReference; fileEncoding = 4; lastKnownFileType = sourcecode.c.objc; path = "UIBarButtonItem+BSExtension.m"; sourceTree = "<group>"; };
		8A49F9FE1C92AC4400DD53FB /* BSEssenceViewController.h */ = {isa = PBXFileReference; fileEncoding = 4; lastKnownFileType = sourcecode.c.h; path = BSEssenceViewController.h; sourceTree = "<group>"; };
		8A49F9FF1C92AC4400DD53FB /* BSEssenceViewController.m */ = {isa = PBXFileReference; fileEncoding = 4; lastKnownFileType = sourcecode.c.objc; path = BSEssenceViewController.m; sourceTree = "<group>"; };
		8A49FA041C92AC4400DD53FB /* BSFriendTrendsViewController.h */ = {isa = PBXFileReference; fileEncoding = 4; lastKnownFileType = sourcecode.c.h; path = BSFriendTrendsViewController.h; sourceTree = "<group>"; };
		8A49FA051C92AC4400DD53FB /* BSFriendTrendsViewController.m */ = {isa = PBXFileReference; fileEncoding = 4; lastKnownFileType = sourcecode.c.objc; path = BSFriendTrendsViewController.m; sourceTree = "<group>"; };
		8A49FA0A1C92AC4400DD53FB /* BSMeViewController.h */ = {isa = PBXFileReference; fileEncoding = 4; lastKnownFileType = sourcecode.c.h; path = BSMeViewController.h; sourceTree = "<group>"; };
		8A49FA0B1C92AC4400DD53FB /* BSMeViewController.m */ = {isa = PBXFileReference; fileEncoding = 4; lastKnownFileType = sourcecode.c.objc; path = BSMeViewController.m; sourceTree = "<group>"; };
		8A49FA101C92AC4400DD53FB /* BSNewViewController.h */ = {isa = PBXFileReference; fileEncoding = 4; lastKnownFileType = sourcecode.c.h; path = BSNewViewController.h; sourceTree = "<group>"; };
		8A49FA111C92AC4400DD53FB /* BSNewViewController.m */ = {isa = PBXFileReference; fileEncoding = 4; lastKnownFileType = sourcecode.c.objc; path = BSNewViewController.m; sourceTree = "<group>"; };
		8A6878A01C96624E00C716C7 /* BSFriendTrendsViewController.xib */ = {isa = PBXFileReference; fileEncoding = 4; lastKnownFileType = file.xib; path = BSFriendTrendsViewController.xib; sourceTree = "<group>"; };
		8A8E26961C91798C0090C2F7 /* AppDelegate.h */ = {isa = PBXFileReference; fileEncoding = 4; lastKnownFileType = sourcecode.c.h; path = AppDelegate.h; sourceTree = "<group>"; };
		8A8E26971C91798C0090C2F7 /* AppDelegate.m */ = {isa = PBXFileReference; fileEncoding = 4; lastKnownFileType = sourcecode.c.objc; path = AppDelegate.m; sourceTree = "<group>"; };
		8A8E26991C9179B40090C2F7 /* UIView+BSExtension.h */ = {isa = PBXFileReference; fileEncoding = 4; lastKnownFileType = sourcecode.c.h; path = "UIView+BSExtension.h"; sourceTree = "<group>"; };
		8A8E269A1C9179B40090C2F7 /* UIView+BSExtension.m */ = {isa = PBXFileReference; fileEncoding = 4; lastKnownFileType = sourcecode.c.objc; path = "UIView+BSExtension.m"; sourceTree = "<group>"; };
		8A8E269C1C917A660090C2F7 /* BSPrefix.pch */ = {isa = PBXFileReference; lastKnownFileType = sourcecode.c.h; path = BSPrefix.pch; sourceTree = "<group>"; };
		8A9F69541C911176008C3A55 /* BSTabBarController.h */ = {isa = PBXFileReference; fileEncoding = 4; lastKnownFileType = sourcecode.c.h; path = BSTabBarController.h; sourceTree = "<group>"; };
		8A9F69551C911176008C3A55 /* BSTabBarController.m */ = {isa = PBXFileReference; fileEncoding = 4; lastKnownFileType = sourcecode.c.objc; path = BSTabBarController.m; sourceTree = "<group>"; };
		8AB1E0841C91450100F3C65E /* BSTabBar.h */ = {isa = PBXFileReference; fileEncoding = 4; lastKnownFileType = sourcecode.c.h; path = BSTabBar.h; sourceTree = "<group>"; };
		8AB1E0851C91450100F3C65E /* BSTabBar.m */ = {isa = PBXFileReference; fileEncoding = 4; lastKnownFileType = sourcecode.c.objc; path = BSTabBar.m; sourceTree = "<group>"; };
/* End PBXFileReference section */

/* Begin PBXFrameworksBuildPhase section */
		8A0A6ADF1C8836EC00EC18E8 /* Frameworks */ = {
			isa = PBXFrameworksBuildPhase;
			buildActionMask = 2147483647;
			files = (
			);
			runOnlyForDeploymentPostprocessing = 0;
		};
/* End PBXFrameworksBuildPhase section */

/* Begin PBXGroup section */
		8A0A6AD91C8836EC00EC18E8 = {
			isa = PBXGroup;
			children = (
				8A0A6AE41C8836EC00EC18E8 /* BSBDJie */,
				8A0A6AE31C8836EC00EC18E8 /* Products */,
			);
			sourceTree = "<group>";
		};
		8A0A6AE31C8836EC00EC18E8 /* Products */ = {
			isa = PBXGroup;
			children = (
				8A0A6AE21C8836EC00EC18E8 /* BSBDJie.app */,
			);
			name = Products;
			sourceTree = "<group>";
		};
		8A0A6AE41C8836EC00EC18E8 /* BSBDJie */ = {
			isa = PBXGroup;
			children = (
				8A8E26941C91795A0090C2F7 /* Other */,
				8A8E26951C91795A0090C2F7 /* Util */,
				8A9F69591C911C93008C3A55 /* Module */,
				8A9F69531C911144008C3A55 /* BaseFunc */,
				8A0A6AE51C8836EC00EC18E8 /* Supporting Files */,
			);
			path = BSBDJie;
			sourceTree = "<group>";
		};
		8A0A6AE51C8836EC00EC18E8 /* Supporting Files */ = {
			isa = PBXGroup;
			children = (
				8A0A6AF11C8836EC00EC18E8 /* Assets.xcassets */,
				8A0A6AF61C8836EC00EC18E8 /* Info.plist */,
				8A0A6AE61C8836EC00EC18E8 /* main.m */,
				8A8E269C1C917A660090C2F7 /* BSPrefix.pch */,
			);
			name = "Supporting Files";
			sourceTree = "<group>";
		};
		8A49F9FC1C92AC4400DD53FB /* Essence */ = {
			isa = PBXGroup;
			children = (
				8A49F9FD1C92AC4400DD53FB /* Controller */,
				8A49FA001C92AC4400DD53FB /* Model */,
				8A49FA011C92AC4400DD53FB /* View */,
			);
			path = Essence;
			sourceTree = "<group>";
		};
		8A49F9FD1C92AC4400DD53FB /* Controller */ = {
			isa = PBXGroup;
			children = (
				8A49F9FE1C92AC4400DD53FB /* BSEssenceViewController.h */,
				8A49F9FF1C92AC4400DD53FB /* BSEssenceViewController.m */,
			);
			path = Controller;
			sourceTree = "<group>";
		};
		8A49FA001C92AC4400DD53FB /* Model */ = {
			isa = PBXGroup;
			children = (
			);
			path = Model;
			sourceTree = "<group>";
		};
		8A49FA011C92AC4400DD53FB /* View */ = {
			isa = PBXGroup;
			children = (
			);
			path = View;
			sourceTree = "<group>";
		};
		8A49FA021C92AC4400DD53FB /* FriendsTrends */ = {
			isa = PBXGroup;
			children = (
				8A49FA031C92AC4400DD53FB /* Controller */,
				8A49FA061C92AC4400DD53FB /* Model */,
				8A49FA071C92AC4400DD53FB /* View */,
			);
			path = FriendsTrends;
			sourceTree = "<group>";
		};
		8A49FA031C92AC4400DD53FB /* Controller */ = {
			isa = PBXGroup;
			children = (
				8A49FA041C92AC4400DD53FB /* BSFriendTrendsViewController.h */,
				8A49FA051C92AC4400DD53FB /* BSFriendTrendsViewController.m */,
				8A6878A01C96624E00C716C7 /* BSFriendTrendsViewController.xib */,
			);
			path = Controller;
			sourceTree = "<group>";
		};
		8A49FA061C92AC4400DD53FB /* Model */ = {
			isa = PBXGroup;
			children = (
			);
			path = Model;
			sourceTree = "<group>";
		};
		8A49FA071C92AC4400DD53FB /* View */ = {
			isa = PBXGroup;
			children = (
			);
			path = View;
			sourceTree = "<group>";
		};
		8A49FA081C92AC4400DD53FB /* Me */ = {
			isa = PBXGroup;
			children = (
				8A49FA091C92AC4400DD53FB /* Controller */,
				8A49FA0C1C92AC4400DD53FB /* Model */,
				8A49FA0D1C92AC4400DD53FB /* View */,
			);
			path = Me;
			sourceTree = "<group>";
		};
		8A49FA091C92AC4400DD53FB /* Controller */ = {
			isa = PBXGroup;
			children = (
				8A49FA0A1C92AC4400DD53FB /* BSMeViewController.h */,
				8A49FA0B1C92AC4400DD53FB /* BSMeViewController.m */,
			);
			path = Controller;
			sourceTree = "<group>";
		};
		8A49FA0C1C92AC4400DD53FB /* Model */ = {
			isa = PBXGroup;
			children = (
			);
			path = Model;
			sourceTree = "<group>";
		};
		8A49FA0D1C92AC4400DD53FB /* View */ = {
			isa = PBXGroup;
			children = (
			);
			path = View;
			sourceTree = "<group>";
		};
		8A49FA0E1C92AC4400DD53FB /* New */ = {
			isa = PBXGroup;
			children = (
				8A49FA0F1C92AC4400DD53FB /* Controller */,
				8A49FA121C92AC4400DD53FB /* Model */,
				8A49FA131C92AC4400DD53FB /* View */,
			);
			path = New;
			sourceTree = "<group>";
		};
		8A49FA0F1C92AC4400DD53FB /* Controller */ = {
			isa = PBXGroup;
			children = (
				8A49FA101C92AC4400DD53FB /* BSNewViewController.h */,
				8A49FA111C92AC4400DD53FB /* BSNewViewController.m */,
			);
			path = Controller;
			sourceTree = "<group>";
		};
		8A49FA121C92AC4400DD53FB /* Model */ = {
			isa = PBXGroup;
			children = (
			);
			path = Model;
			sourceTree = "<group>";
		};
		8A49FA131C92AC4400DD53FB /* View */ = {
			isa = PBXGroup;
			children = (
			);
			path = View;
			sourceTree = "<group>";
		};
		8A8E26941C91795A0090C2F7 /* Other */ = {
			isa = PBXGroup;
			children = (
				8A8E26961C91798C0090C2F7 /* AppDelegate.h */,
				8A8E26971C91798C0090C2F7 /* AppDelegate.m */,
			);
			path = Other;
			sourceTree = "<group>";
		};
		8A8E26951C91795A0090C2F7 /* Util */ = {
			isa = PBXGroup;
			children = (
				8A8E26991C9179B40090C2F7 /* UIView+BSExtension.h */,
				8A8E269A1C9179B40090C2F7 /* UIView+BSExtension.m */,
				8A49F9F91C92A89700DD53FB /* UIBarButtonItem+BSExtension.h */,
				8A49F9FA1C92A89700DD53FB /* UIBarButtonItem+BSExtension.m */,
			);
			path = Util;
			sourceTree = "<group>";
		};
		8A9F69531C911144008C3A55 /* BaseFunc */ = {
			isa = PBXGroup;
			children = (
				8A9F69541C911176008C3A55 /* BSTabBarController.h */,
				8A9F69551C911176008C3A55 /* BSTabBarController.m */,
				8AB1E0841C91450100F3C65E /* BSTabBar.h */,
				8AB1E0851C91450100F3C65E /* BSTabBar.m */,
				8A49F9F61C92A63600DD53FB /* BSNavigationController.h */,
				8A49F9F71C92A63600DD53FB /* BSNavigationController.m */,
			);
			path = BaseFunc;
			sourceTree = "<group>";
		};
		8A9F69591C911C93008C3A55 /* Module */ = {
			isa = PBXGroup;
			children = (
				8A49F9FC1C92AC4400DD53FB /* Essence */,
				8A49FA021C92AC4400DD53FB /* FriendsTrends */,
				8A49FA081C92AC4400DD53FB /* Me */,
				8A49FA0E1C92AC4400DD53FB /* New */,
			);
			path = Module;
			sourceTree = "<group>";
		};
/* End PBXGroup section */

/* Begin PBXNativeTarget section */
		8A0A6AE11C8836EC00EC18E8 /* BSBDJie */ = {
			isa = PBXNativeTarget;
			buildConfigurationList = 8A0A6AF91C8836EC00EC18E8 /* Build configuration list for PBXNativeTarget "BSBDJie" */;
			buildPhases = (
				8A0A6ADE1C8836EC00EC18E8 /* Sources */,
				8A0A6ADF1C8836EC00EC18E8 /* Frameworks */,
				8A0A6AE01C8836EC00EC18E8 /* Resources */,
			);
			buildRules = (
			);
			dependencies = (
			);
			name = BSBDJie;
			productName = BSBDJie;
			productReference = 8A0A6AE21C8836EC00EC18E8 /* BSBDJie.app */;
			productType = "com.apple.product-type.application";
		};
/* End PBXNativeTarget section */

/* Begin PBXProject section */
		8A0A6ADA1C8836EC00EC18E8 /* Project object */ = {
			isa = PBXProject;
			attributes = {
				CLASSPREFIX = BS;
				LastSwiftUpdateCheck = 0700;
				LastUpgradeCheck = 0700;
				ORGANIZATIONNAME = shengguoqiang;
				TargetAttributes = {
					8A0A6AE11C8836EC00EC18E8 = {
						CreatedOnToolsVersion = 7.0;
						DevelopmentTeam = 2W8M432XCU;
					};
				};
			};
			buildConfigurationList = 8A0A6ADD1C8836EC00EC18E8 /* Build configuration list for PBXProject "BSBDJie" */;
			compatibilityVersion = "Xcode 3.2";
			developmentRegion = English;
			hasScannedForEncodings = 0;
			knownRegions = (
				en,
				Base,
			);
			mainGroup = 8A0A6AD91C8836EC00EC18E8;
			productRefGroup = 8A0A6AE31C8836EC00EC18E8 /* Products */;
			projectDirPath = "";
			projectRoot = "";
			targets = (
				8A0A6AE11C8836EC00EC18E8 /* BSBDJie */,
			);
		};
/* End PBXProject section */

/* Begin PBXResourcesBuildPhase section */
		8A0A6AE01C8836EC00EC18E8 /* Resources */ = {
			isa = PBXResourcesBuildPhase;
			buildActionMask = 2147483647;
			files = (
				8A6878A11C96624E00C716C7 /* BSFriendTrendsViewController.xib in Resources */,
				8A0A6AF21C8836EC00EC18E8 /* Assets.xcassets in Resources */,
			);
			runOnlyForDeploymentPostprocessing = 0;
		};
/* End PBXResourcesBuildPhase section */

/* Begin PBXSourcesBuildPhase section */
		8A0A6ADE1C8836EC00EC18E8 /* Sources */ = {
			isa = PBXSourcesBuildPhase;
			buildActionMask = 2147483647;
			files = (
				8A49FA141C92AC4400DD53FB /* BSEssenceViewController.m in Sources */,
				8A0A6AE71C8836EC00EC18E8 /* main.m in Sources */,
				8A49FA171C92AC4400DD53FB /* BSNewViewController.m in Sources */,
				8A49F9FB1C92A89700DD53FB /* UIBarButtonItem+BSExtension.m in Sources */,
				8A49F9F81C92A63600DD53FB /* BSNavigationController.m in Sources */,
				8A8E26981C91798C0090C2F7 /* AppDelegate.m in Sources */,
				8A8E269B1C9179B40090C2F7 /* UIView+BSExtension.m in Sources */,
				8A49FA161C92AC4400DD53FB /* BSMeViewController.m in Sources */,
				8A9F69561C911176008C3A55 /* BSTabBarController.m in Sources */,
				8AB1E0861C91450100F3C65E /* BSTabBar.m in Sources */,
				8A49FA151C92AC4400DD53FB /* BSFriendTrendsViewController.m in Sources */,
			);
			runOnlyForDeploymentPostprocessing = 0;
		};
/* End PBXSourcesBuildPhase section */

/* Begin XCBuildConfiguration section */
		8A0A6AF71C8836EC00EC18E8 /* Debug */ = {
			isa = XCBuildConfiguration;
			buildSettings = {
				ALWAYS_SEARCH_USER_PATHS = NO;
				CLANG_CXX_LANGUAGE_STANDARD = "gnu++0x";
				CLANG_CXX_LIBRARY = "libc++";
				CLANG_ENABLE_MODULES = YES;
				CLANG_ENABLE_OBJC_ARC = YES;
				CLANG_WARN_BOOL_CONVERSION = YES;
				CLANG_WARN_CONSTANT_CONVERSION = YES;
				CLANG_WARN_DIRECT_OBJC_ISA_USAGE = YES_ERROR;
				CLANG_WARN_EMPTY_BODY = YES;
				CLANG_WARN_ENUM_CONVERSION = YES;
				CLANG_WARN_INT_CONVERSION = YES;
				CLANG_WARN_OBJC_ROOT_CLASS = YES_ERROR;
				CLANG_WARN_UNREACHABLE_CODE = YES;
				CLANG_WARN__DUPLICATE_METHOD_MATCH = YES;
				"CODE_SIGN_IDENTITY[sdk=iphoneos*]" = "iPhone Developer";
				COPY_PHASE_STRIP = NO;
				DEBUG_INFORMATION_FORMAT = dwarf;
				ENABLE_STRICT_OBJC_MSGSEND = YES;
				ENABLE_TESTABILITY = YES;
				GCC_C_LANGUAGE_STANDARD = gnu99;
				GCC_DYNAMIC_NO_PIC = NO;
				GCC_NO_COMMON_BLOCKS = YES;
				GCC_OPTIMIZATION_LEVEL = 0;
				GCC_PREPROCESSOR_DEFINITIONS = (
					"DEBUG=1",
					"$(inherited)",
				);
				GCC_WARN_64_TO_32_BIT_CONVERSION = YES;
				GCC_WARN_ABOUT_RETURN_TYPE = YES_ERROR;
				GCC_WARN_UNDECLARED_SELECTOR = YES;
				GCC_WARN_UNINITIALIZED_AUTOS = YES_AGGRESSIVE;
				GCC_WARN_UNUSED_FUNCTION = YES;
				GCC_WARN_UNUSED_VARIABLE = YES;
				IPHONEOS_DEPLOYMENT_TARGET = 7.0;
				MTL_ENABLE_DEBUG_INFO = YES;
				ONLY_ACTIVE_ARCH = YES;
				SDKROOT = iphoneos;
				TARGETED_DEVICE_FAMILY = "1,2";
			};
			name = Debug;
		};
		8A0A6AF81C8836EC00EC18E8 /* Release */ = {
			isa = XCBuildConfiguration;
			buildSettings = {
				ALWAYS_SEARCH_USER_PATHS = NO;
				CLANG_CXX_LANGUAGE_STANDARD = "gnu++0x";
				CLANG_CXX_LIBRARY = "libc++";
				CLANG_ENABLE_MODULES = YES;
				CLANG_ENABLE_OBJC_ARC = YES;
				CLANG_WARN_BOOL_CONVERSION = YES;
				CLANG_WARN_CONSTANT_CONVERSION = YES;
				CLANG_WARN_DIRECT_OBJC_ISA_USAGE = YES_ERROR;
				CLANG_WARN_EMPTY_BODY = YES;
				CLANG_WARN_ENUM_CONVERSION = YES;
				CLANG_WARN_INT_CONVERSION = YES;
				CLANG_WARN_OBJC_ROOT_CLASS = YES_ERROR;
				CLANG_WARN_UNREACHABLE_CODE = YES;
				CLANG_WARN__DUPLICATE_METHOD_MATCH = YES;
				"CODE_SIGN_IDENTITY[sdk=iphoneos*]" = "iPhone Developer";
				COPY_PHASE_STRIP = NO;
				DEBUG_INFORMATION_FORMAT = "dwarf-with-dsym";
				ENABLE_NS_ASSERTIONS = NO;
				ENABLE_STRICT_OBJC_MSGSEND = YES;
				GCC_C_LANGUAGE_STANDARD = gnu99;
				GCC_NO_COMMON_BLOCKS = YES;
				GCC_WARN_64_TO_32_BIT_CONVERSION = YES;
				GCC_WARN_ABOUT_RETURN_TYPE = YES_ERROR;
				GCC_WARN_UNDECLARED_SELECTOR = YES;
				GCC_WARN_UNINITIALIZED_AUTOS = YES_AGGRESSIVE;
				GCC_WARN_UNUSED_FUNCTION = YES;
				GCC_WARN_UNUSED_VARIABLE = YES;
				IPHONEOS_DEPLOYMENT_TARGET = 7.0;
				MTL_ENABLE_DEBUG_INFO = NO;
				SDKROOT = iphoneos;
				TARGETED_DEVICE_FAMILY = "1,2";
				VALIDATE_PRODUCT = YES;
			};
			name = Release;
		};
		8A0A6AFA1C8836EC00EC18E8 /* Debug */ = {
			isa = XCBuildConfiguration;
			buildSettings = {
				ASSETCATALOG_COMPILER_APPICON_NAME = AppIcon;
				ASSETCATALOG_COMPILER_LAUNCHIMAGE_NAME = BrandAsset;
				CLANG_ENABLE_MODULES = YES;
				GCC_PREFIX_HEADER = "$(SRCROOT)/BSBDJie/BSPrefix.pch";
				INFOPLIST_FILE = BSBDJie/Info.plist;
				IPHONEOS_DEPLOYMENT_TARGET = 7.0;
				LD_RUNPATH_SEARCH_PATHS = "$(inherited) @executable_path/Frameworks";
				PRODUCT_BUNDLE_IDENTIFIER = com.ftd.sl.BSBDJie;
				PRODUCT_NAME = "$(TARGET_NAME)";
				SWIFT_OBJC_BRIDGING_HEADER = "BSBDJie/Module/BSBDJie-Bridging-Header.h";
				SWIFT_OPTIMIZATION_LEVEL = "-Onone";
				TARGETED_DEVICE_FAMILY = 1;
			};
			name = Debug;
		};
		8A0A6AFB1C8836EC00EC18E8 /* Release */ = {
			isa = XCBuildConfiguration;
			buildSettings = {
				ASSETCATALOG_COMPILER_APPICON_NAME = AppIcon;
				ASSETCATALOG_COMPILER_LAUNCHIMAGE_NAME = BrandAsset;
				CLANG_ENABLE_MODULES = YES;
				GCC_PREFIX_HEADER = "$(SRCROOT)/BSBDJie/BSPrefix.pch";
				INFOPLIST_FILE = BSBDJie/Info.plist;
				IPHONEOS_DEPLOYMENT_TARGET = 7.0;
				LD_RUNPATH_SEARCH_PATHS = "$(inherited) @executable_path/Frameworks";
				PRODUCT_BUNDLE_IDENTIFIER = com.ftd.sl.BSBDJie;
				PRODUCT_NAME = "$(TARGET_NAME)";
				SWIFT_OBJC_BRIDGING_HEADER = "BSBDJie/Module/BSBDJie-Bridging-Header.h";
				TARGETED_DEVICE_FAMILY = 1;
			};
			name = Release;
		};
/* End XCBuildConfiguration section */

/* Begin XCConfigurationList section */
		8A0A6ADD1C8836EC00EC18E8 /* Build configuration list for PBXProject "BSBDJie" */ = {
			isa = XCConfigurationList;
			buildConfigurations = (
				8A0A6AF71C8836EC00EC18E8 /* Debug */,
				8A0A6AF81C8836EC00EC18E8 /* Release */,
			);
			defaultConfigurationIsVisible = 0;
			defaultConfigurationName = Release;
		};
		8A0A6AF91C8836EC00EC18E8 /* Build configuration list for PBXNativeTarget "BSBDJie" */ = {
			isa = XCConfigurationList;
			buildConfigurations = (
				8A0A6AFA1C8836EC00EC18E8 /* Debug */,
				8A0A6AFB1C8836EC00EC18E8 /* Release */,
			);
			defaultConfigurationIsVisible = 0;
			defaultConfigurationName = Release;
		};
/* End XCConfigurationList section */
	};
	rootObject = 8A0A6ADA1C8836EC00EC18E8 /* Project object */;
}
